
Microsoft Visual Studio Solution File, Format Version 12.00
# Visual Studio 15
VisualStudioVersion = 15.0.27130.2024
MinimumVisualStudioVersion = 10.0.40219.1
Project("{9A19103F-16F7-4668-BE54-9A1E7A4F7556}") = "MovieRental", "MovieRental\MovieRental.csproj", "{78B7DE50-50E6-488A-87B8-F42473FAF431}"
EndProject
Project("{9A19103F-16F7-4668-BE54-9A1E7A4F7556}") = "MovieData", "MovieData\MovieData.csproj", "{70CDE046-D93F-400D-B01E-F927F24D849A}"
EndProject
Project("{9A19103F-16F7-4668-BE54-9A1E7A4F7556}") = "MovieServices", "MovieServices\MovieServices.csproj", "{FEDAB217-7C12-4C22-B677-7C39D8533C4B}"
EndProject
Global
	GlobalSection(SolutionConfigurationPlatforms) = preSolution
		Debug|Any CPU = Debug|Any CPU
		Release|Any CPU = Release|Any CPU
	EndGlobalSection
	GlobalSection(ProjectConfigurationPlatforms) = postSolution
		{78B7DE50-50E6-488A-87B8-F42473FAF431}.Debug|Any CPU.ActiveCfg = Debug|Any CPU
		{78B7DE50-50E6-488A-87B8-F42473FAF431}.Debug|Any CPU.Build.0 = Debug|Any CPU
		{78B7DE50-50E6-488A-87B8-F42473FAF431}.Release|Any CPU.ActiveCfg = Release|Any CPU
		{78B7DE50-50E6-488A-87B8-F42473FAF431}.Release|Any CPU.Build.0 = Release|Any CPU
		{70CDE046-D93F-400D-B01E-F927F24D849A}.Debug|Any CPU.ActiveCfg = Debug|Any CPU
		{70CDE046-D93F-400D-B01E-F927F24D849A}.Debug|Any CPU.Build.0 = Debug|Any CPU
		{70CDE046-D93F-400D-B01E-F927F24D849A}.Release|Any CPU.ActiveCfg = Release|Any CPU
		{70CDE046-D93F-400D-B01E-F927F24D849A}.Release|Any CPU.Build.0 = Release|Any CPU
		{FEDAB217-7C12-4C22-B677-7C39D8533C4B}.Debug|Any CPU.ActiveCfg = Debug|Any CPU
		{FEDAB217-7C12-4C22-B677-7C39D8533C4B}.Debug|Any CPU.Build.0 = Debug|Any CPU
		{FEDAB217-7C12-4C22-B677-7C39D8533C4B}.Release|Any CPU.ActiveCfg = Release|Any CPU
		{FEDAB217-7C12-4C22-B677-7C39D8533C4B}.Release|Any CPU.Build.0 = Release|Any CPU
	EndGlobalSection
	GlobalSection(SolutionProperties) = preSolution
		HideSolutionNode = FALSE
	EndGlobalSection
	GlobalSection(ExtensibilityGlobals) = postSolution
		SolutionGuid = {3EBA1E34-3D82-4FCD-8682-7322DA1AE6F9}
	EndGlobalSection
EndGlobal
